// !$*UTF8*$!
{
	archiveVersion = 1;
	classes = {
	};
	objectVersion = 46;
	objects = {

/* Begin PBXBuildFile section */
		3465119C158D15EA00F16C96 /* UIKit.framework in Frameworks */ = {isa = PBXBuildFile; fileRef = 3465119B158D15EA00F16C96 /* UIKit.framework */; };
		3465119E158D15EA00F16C96 /* Foundation.framework in Frameworks */ = {isa = PBXBuildFile; fileRef = 3465119D158D15EA00F16C96 /* Foundation.framework */; };
		346511A0158D15EA00F16C96 /* CoreGraphics.framework in Frameworks */ = {isa = PBXBuildFile; fileRef = 3465119F158D15EA00F16C96 /* CoreGraphics.framework */; };
		346511A6158D15EA00F16C96 /* InfoPlist.strings in Resources */ = {isa = PBXBuildFile; fileRef = 346511A4158D15EA00F16C96 /* InfoPlist.strings */; };
		346511A8158D15EA00F16C96 /* main.m in Sources */ = {isa = PBXBuildFile; fileRef = 346511A7158D15EA00F16C96 /* main.m */; };
		346511AC158D15EA00F16C96 /* TCAppDelegate.m in Sources */ = {isa = PBXBuildFile; fileRef = 346511AB158D15EA00F16C96 /* TCAppDelegate.m */; };
		34651209158D16F400F16C96 /* ASIAuthenticationDialog.m in Sources */ = {isa = PBXBuildFile; fileRef = 346511B8158D16F400F16C96 /* ASIAuthenticationDialog.m */; };
		3465120A158D16F400F16C96 /* ASIDataCompressor.m in Sources */ = {isa = PBXBuildFile; fileRef = 346511BB158D16F400F16C96 /* ASIDataCompressor.m */; };
		3465120B158D16F400F16C96 /* ASIDataDecompressor.m in Sources */ = {isa = PBXBuildFile; fileRef = 346511BD158D16F400F16C96 /* ASIDataDecompressor.m */; };
		3465120C158D16F400F16C96 /* ASIDownloadCache.m in Sources */ = {isa = PBXBuildFile; fileRef = 346511BF158D16F400F16C96 /* ASIDownloadCache.m */; };
		3465120D158D16F400F16C96 /* ASIFormDataRequest.m in Sources */ = {isa = PBXBuildFile; fileRef = 346511C1158D16F400F16C96 /* ASIFormDataRequest.m */; };
		3465120E158D16F400F16C96 /* ASIHTTPRequest.m in Sources */ = {isa = PBXBuildFile; fileRef = 346511C3158D16F400F16C96 /* ASIHTTPRequest.m */; };
		3465120F158D16F400F16C96 /* ASIInputStream.m in Sources */ = {isa = PBXBuildFile; fileRef = 346511C7158D16F400F16C96 /* ASIInputStream.m */; };
		34651210158D16F400F16C96 /* ASINetworkQueue.m in Sources */ = {isa = PBXBuildFile; fileRef = 346511C9158D16F400F16C96 /* ASINetworkQueue.m */; };
		34651234158D171900F16C96 /* JSONKit.m in Sources */ = {isa = PBXBuildFile; fileRef = 34651231158D171900F16C96 /* JSONKit.m */; };
		3465123D158D182200F16C96 /* TCRootViewController.m in Sources */ = {isa = PBXBuildFile; fileRef = 3465123C158D182200F16C96 /* TCRootViewController.m */; };
		3465124B158D20BB00F16C96 /* SystemConfiguration.framework in Frameworks */ = {isa = PBXBuildFile; fileRef = 3465124A158D20BB00F16C96 /* SystemConfiguration.framework */; };
		3465124D158D20C300F16C96 /* MobileCoreServices.framework in Frameworks */ = {isa = PBXBuildFile; fileRef = 3465124C158D20C300F16C96 /* MobileCoreServices.framework */; };
		3465124F158D20CD00F16C96 /* libz.dylib in Frameworks */ = {isa = PBXBuildFile; fileRef = 3465124E158D20CD00F16C96 /* libz.dylib */; };
		34FAC734158D2185003144D4 /* CFNetwork.framework in Frameworks */ = {isa = PBXBuildFile; fileRef = 34FAC733158D2185003144D4 /* CFNetwork.framework */; };
		34FAC736158D22A5003144D4 /* Reachability.m in Sources */ = {isa = PBXBuildFile; fileRef = 3465123F158D197D00F16C96 /* Reachability.m */; };
		34FAC737158D239A003144D4 /* TCMyGengoAPIHandler.m in Sources */ = {isa = PBXBuildFile; fileRef = 346511B5158D16E700F16C96 /* TCMyGengoAPIHandler.m */; };
/* End PBXBuildFile section */

/* Begin PBXFileReference section */
		34651197158D15EA00F16C96 /* mygengoexample.app */ = {isa = PBXFileReference; explicitFileType = wrapper.application; includeInIndex = 0; path = mygengoexample.app; sourceTree = BUILT_PRODUCTS_DIR; };
		3465119B158D15EA00F16C96 /* UIKit.framework */ = {isa = PBXFileReference; lastKnownFileType = wrapper.framework; name = UIKit.framework; path = System/Library/Frameworks/UIKit.framework; sourceTree = SDKROOT; };
		3465119D158D15EA00F16C96 /* Foundation.framework */ = {isa = PBXFileReference; lastKnownFileType = wrapper.framework; name = Foundation.framework; path = System/Library/Frameworks/Foundation.framework; sourceTree = SDKROOT; };
		3465119F158D15EA00F16C96 /* CoreGraphics.framework */ = {isa = PBXFileReference; lastKnownFileType = wrapper.framework; name = CoreGraphics.framework; path = System/Library/Frameworks/CoreGraphics.framework; sourceTree = SDKROOT; };
		346511A3158D15EA00F16C96 /* mygengoexample-Info.plist */ = {isa = PBXFileReference; lastKnownFileType = text.plist.xml; path = "mygengoexample-Info.plist"; sourceTree = "<group>"; };
		346511A5158D15EA00F16C96 /* en */ = {isa = PBXFileReference; lastKnownFileType = text.plist.strings; name = en; path = en.lproj/InfoPlist.strings; sourceTree = "<group>"; };
		346511A7158D15EA00F16C96 /* main.m */ = {isa = PBXFileReference; lastKnownFileType = sourcecode.c.objc; path = main.m; sourceTree = "<group>"; };
		346511A9158D15EA00F16C96 /* mygengoexample-Prefix.pch */ = {isa = PBXFileReference; lastKnownFileType = sourcecode.c.h; path = "mygengoexample-Prefix.pch"; sourceTree = "<group>"; };
		346511AA158D15EA00F16C96 /* TCAppDelegate.h */ = {isa = PBXFileReference; lastKnownFileType = sourcecode.c.h; path = TCAppDelegate.h; sourceTree = "<group>"; };
		346511AB158D15EA00F16C96 /* TCAppDelegate.m */ = {isa = PBXFileReference; lastKnownFileType = sourcecode.c.objc; path = TCAppDelegate.m; sourceTree = "<group>"; };
		346511B4158D16E700F16C96 /* TCMyGengoAPIHandler.h */ = {isa = PBXFileReference; lastKnownFileType = sourcecode.c.h; name = TCMyGengoAPIHandler.h; path = ../../TCMyGengoAPIHandler.h; sourceTree = "<group>"; };
		346511B5158D16E700F16C96 /* TCMyGengoAPIHandler.m */ = {isa = PBXFileReference; lastKnownFileType = sourcecode.c.objc; name = TCMyGengoAPIHandler.m; path = ../../TCMyGengoAPIHandler.m; sourceTree = "<group>"; };
		346511B7158D16F400F16C96 /* ASIAuthenticationDialog.h */ = {isa = PBXFileReference; fileEncoding = 4; lastKnownFileType = sourcecode.c.h; path = ASIAuthenticationDialog.h; sourceTree = "<group>"; };
		346511B8158D16F400F16C96 /* ASIAuthenticationDialog.m */ = {isa = PBXFileReference; fileEncoding = 4; lastKnownFileType = sourcecode.c.objc; path = ASIAuthenticationDialog.m; sourceTree = "<group>"; };
		346511B9158D16F400F16C96 /* ASICacheDelegate.h */ = {isa = PBXFileReference; fileEncoding = 4; lastKnownFileType = sourcecode.c.h; path = ASICacheDelegate.h; sourceTree = "<group>"; };
		346511BA158D16F400F16C96 /* ASIDataCompressor.h */ = {isa = PBXFileReference; fileEncoding = 4; lastKnownFileType = sourcecode.c.h; path = ASIDataCompressor.h; sourceTree = "<group>"; };
		346511BB158D16F400F16C96 /* ASIDataCompressor.m */ = {isa = PBXFileReference; fileEncoding = 4; lastKnownFileType = sourcecode.c.objc; path = ASIDataCompressor.m; sourceTree = "<group>"; };
		346511BC158D16F400F16C96 /* ASIDataDecompressor.h */ = {isa = PBXFileReference; fileEncoding = 4; lastKnownFileType = sourcecode.c.h; path = ASIDataDecompressor.h; sourceTree = "<group>"; };
		346511BD158D16F400F16C96 /* ASIDataDecompressor.m */ = {isa = PBXFileReference; fileEncoding = 4; lastKnownFileType = sourcecode.c.objc; path = ASIDataDecompressor.m; sourceTree = "<group>"; };
		346511BE158D16F400F16C96 /* ASIDownloadCache.h */ = {isa = PBXFileReference; fileEncoding = 4; lastKnownFileType = sourcecode.c.h; path = ASIDownloadCache.h; sourceTree = "<group>"; };
		346511BF158D16F400F16C96 /* ASIDownloadCache.m */ = {isa = PBXFileReference; fileEncoding = 4; lastKnownFileType = sourcecode.c.objc; path = ASIDownloadCache.m; sourceTree = "<group>"; };
		346511C0158D16F400F16C96 /* ASIFormDataRequest.h */ = {isa = PBXFileReference; fileEncoding = 4; lastKnownFileType = sourcecode.c.h; path = ASIFormDataRequest.h; sourceTree = "<group>"; };
		346511C1158D16F400F16C96 /* ASIFormDataRequest.m */ = {isa = PBXFileReference; fileEncoding = 4; lastKnownFileType = sourcecode.c.objc; path = ASIFormDataRequest.m; sourceTree = "<group>"; };
		346511C2158D16F400F16C96 /* ASIHTTPRequest.h */ = {isa = PBXFileReference; fileEncoding = 4; lastKnownFileType = sourcecode.c.h; path = ASIHTTPRequest.h; sourceTree = "<group>"; };
		346511C3158D16F400F16C96 /* ASIHTTPRequest.m */ = {isa = PBXFileReference; fileEncoding = 4; lastKnownFileType = sourcecode.c.objc; path = ASIHTTPRequest.m; sourceTree = "<group>"; };
		346511C4158D16F400F16C96 /* ASIHTTPRequestConfig.h */ = {isa = PBXFileReference; fileEncoding = 4; lastKnownFileType = sourcecode.c.h; path = ASIHTTPRequestConfig.h; sourceTree = "<group>"; };
		346511C5158D16F400F16C96 /* ASIHTTPRequestDelegate.h */ = {isa = PBXFileReference; fileEncoding = 4; lastKnownFileType = sourcecode.c.h; path = ASIHTTPRequestDelegate.h; sourceTree = "<group>"; };
		346511C6158D16F400F16C96 /* ASIInputStream.h */ = {isa = PBXFileReference; fileEncoding = 4; lastKnownFileType = sourcecode.c.h; path = ASIInputStream.h; sourceTree = "<group>"; };
		346511C7158D16F400F16C96 /* ASIInputStream.m */ = {isa = PBXFileReference; fileEncoding = 4; lastKnownFileType = sourcecode.c.objc; path = ASIInputStream.m; sourceTree = "<group>"; };
		346511C8158D16F400F16C96 /* ASINetworkQueue.h */ = {isa = PBXFileReference; fileEncoding = 4; lastKnownFileType = sourcecode.c.h; path = ASINetworkQueue.h; sourceTree = "<group>"; };
		346511C9158D16F400F16C96 /* ASINetworkQueue.m */ = {isa = PBXFileReference; fileEncoding = 4; lastKnownFileType = sourcecode.c.objc; path = ASINetworkQueue.m; sourceTree = "<group>"; };
		346511CA158D16F400F16C96 /* ASIProgressDelegate.h */ = {isa = PBXFileReference; fileEncoding = 4; lastKnownFileType = sourcecode.c.h; path = ASIProgressDelegate.h; sourceTree = "<group>"; };
		34651230158D171900F16C96 /* JSONKit.h */ = {isa = PBXFileReference; fileEncoding = 4; lastKnownFileType = sourcecode.c.h; path = JSONKit.h; sourceTree = "<group>"; };
		34651231158D171900F16C96 /* JSONKit.m */ = {isa = PBXFileReference; fileEncoding = 4; lastKnownFileType = sourcecode.c.objc; path = JSONKit.m; sourceTree = "<group>"; };
		3465123B158D182200F16C96 /* TCRootViewController.h */ = {isa = PBXFileReference; fileEncoding = 4; lastKnownFileType = sourcecode.c.h; path = TCRootViewController.h; sourceTree = "<group>"; };
		3465123C158D182200F16C96 /* TCRootViewController.m */ = {isa = PBXFileReference; fileEncoding = 4; lastKnownFileType = sourcecode.c.objc; path = TCRootViewController.m; sourceTree = "<group>"; };
		3465123E158D197D00F16C96 /* Reachability.h */ = {isa = PBXFileReference; lastKnownFileType = sourcecode.c.h; name = Reachability.h; path = ../External/Reachability/Reachability.h; sourceTree = "<group>"; };
		3465123F158D197D00F16C96 /* Reachability.m */ = {isa = PBXFileReference; lastKnownFileType = sourcecode.c.objc; name = Reachability.m; path = ../External/Reachability/Reachability.m; sourceTree = "<group>"; };
		3465124A158D20BB00F16C96 /* SystemConfiguration.framework */ = {isa = PBXFileReference; lastKnownFileType = wrapper.framework; name = SystemConfiguration.framework; path = System/Library/Frameworks/SystemConfiguration.framework; sourceTree = SDKROOT; };
		3465124C158D20C300F16C96 /* MobileCoreServices.framework */ = {isa = PBXFileReference; lastKnownFileType = wrapper.framework; name = MobileCoreServices.framework; path = System/Library/Frameworks/MobileCoreServices.framework; sourceTree = SDKROOT; };
		3465124E158D20CD00F16C96 /* libz.dylib */ = {isa = PBXFileReference; lastKnownFileType = "compiled.mach-o.dylib"; name = libz.dylib; path = usr/lib/libz.dylib; sourceTree = SDKROOT; };
		34FAC733158D2185003144D4 /* CFNetwork.framework */ = {isa = PBXFileReference; lastKnownFileType = wrapper.framework; name = CFNetwork.framework; path = System/Library/Frameworks/CFNetwork.framework; sourceTree = SDKROOT; };
/* End PBXFileReference section */

/* Begin PBXFrameworksBuildPhase section */
		34651194158D15EA00F16C96 /* Frameworks */ = {
			isa = PBXFrameworksBuildPhase;
			buildActionMask = 2147483647;
			files = (
				34FAC734158D2185003144D4 /* CFNetwork.framework in Frameworks */,
				3465124F158D20CD00F16C96 /* libz.dylib in Frameworks */,
				3465124D158D20C300F16C96 /* MobileCoreServices.framework in Frameworks */,
				3465124B158D20BB00F16C96 /* SystemConfiguration.framework in Frameworks */,
				3465119C158D15EA00F16C96 /* UIKit.framework in Frameworks */,
				3465119E158D15EA00F16C96 /* Foundation.framework in Frameworks */,
				346511A0158D15EA00F16C96 /* CoreGraphics.framework in Frameworks */,
			);
			runOnlyForDeploymentPostprocessing = 0;
		};
/* End PBXFrameworksBuildPhase section */

/* Begin PBXGroup section */
		3465118C158D15EA00F16C96 = {
			isa = PBXGroup;
			children = (
				346511A1158D15EA00F16C96 /* mygengoexample */,
				3465119A158D15EA00F16C96 /* Frameworks */,
				34651198158D15EA00F16C96 /* Products */,
			);
			sourceTree = "<group>";
		};
		34651198158D15EA00F16C96 /* Products */ = {
			isa = PBXGroup;
			children = (
				34651197158D15EA00F16C96 /* mygengoexample.app */,
			);
			name = Products;
			sourceTree = "<group>";
		};
		3465119A158D15EA00F16C96 /* Frameworks */ = {
			isa = PBXGroup;
			children = (
				3465124E158D20CD00F16C96 /* libz.dylib */,
				34FAC733158D2185003144D4 /* CFNetwork.framework */,
				3465124C158D20C300F16C96 /* MobileCoreServices.framework */,
				3465124A158D20BB00F16C96 /* SystemConfiguration.framework */,
				3465119B158D15EA00F16C96 /* UIKit.framework */,
				3465119D158D15EA00F16C96 /* Foundation.framework */,
				3465119F158D15EA00F16C96 /* CoreGraphics.framework */,
			);
			name = Frameworks;
			sourceTree = "<group>";
		};
		346511A1158D15EA00F16C96 /* mygengoexample */ = {
			isa = PBXGroup;
			children = (
				346511B2158D16CC00F16C96 /* lib */,
				346511AA158D15EA00F16C96 /* TCAppDelegate.h */,
				346511AB158D15EA00F16C96 /* TCAppDelegate.m */,
				3465123B158D182200F16C96 /* TCRootViewController.h */,
				3465123C158D182200F16C96 /* TCRootViewController.m */,
				346511A2158D15EA00F16C96 /* Supporting Files */,
			);
			path = mygengoexample;
			sourceTree = "<group>";
		};
		346511A2158D15EA00F16C96 /* Supporting Files */ = {
			isa = PBXGroup;
			children = (
				346511A3158D15EA00F16C96 /* mygengoexample-Info.plist */,
				346511A4158D15EA00F16C96 /* InfoPlist.strings */,
				346511A7158D15EA00F16C96 /* main.m */,
				346511A9158D15EA00F16C96 /* mygengoexample-Prefix.pch */,
			);
			name = "Supporting Files";
			sourceTree = "<group>";
		};
		346511B2158D16CC00F16C96 /* lib */ = {
			isa = PBXGroup;
			children = (
				3465122E158D171900F16C96 /* JSONKit */,
				346511B6158D16F400F16C96 /* ASIHTTPRequest */,
				346511B3158D16D700F16C96 /* myGengoAPIHandler */,
			);
			name = lib;
			sourceTree = "<group>";
		};
		346511B3158D16D700F16C96 /* myGengoAPIHandler */ = {
			isa = PBXGroup;
			children = (
				346511B4158D16E700F16C96 /* TCMyGengoAPIHandler.h */,
				346511B5158D16E700F16C96 /* TCMyGengoAPIHandler.m */,
			);
			name = myGengoAPIHandler;
			sourceTree = "<group>";
		};
		346511B6158D16F400F16C96 /* ASIHTTPRequest */ = {
			isa = PBXGroup;
			children = (
				346511B7158D16F400F16C96 /* ASIAuthenticationDialog.h */,
				346511B8158D16F400F16C96 /* ASIAuthenticationDialog.m */,
				346511B9158D16F400F16C96 /* ASICacheDelegate.h */,
				346511BA158D16F400F16C96 /* ASIDataCompressor.h */,
				346511BB158D16F400F16C96 /* ASIDataCompressor.m */,
				346511BC158D16F400F16C96 /* ASIDataDecompressor.h */,
				346511BD158D16F400F16C96 /* ASIDataDecompressor.m */,
				346511BE158D16F400F16C96 /* ASIDownloadCache.h */,
				346511BF158D16F400F16C96 /* ASIDownloadCache.m */,
				346511C0158D16F400F16C96 /* ASIFormDataRequest.h */,
				346511C1158D16F400F16C96 /* ASIFormDataRequest.m */,
				346511C2158D16F400F16C96 /* ASIHTTPRequest.h */,
				346511C3158D16F400F16C96 /* ASIHTTPRequest.m */,
				346511C4158D16F400F16C96 /* ASIHTTPRequestConfig.h */,
				346511C5158D16F400F16C96 /* ASIHTTPRequestDelegate.h */,
				346511C6158D16F400F16C96 /* ASIInputStream.h */,
				346511C7158D16F400F16C96 /* ASIInputStream.m */,
				346511C8158D16F400F16C96 /* ASINetworkQueue.h */,
				346511C9158D16F400F16C96 /* ASINetworkQueue.m */,
				346511CA158D16F400F16C96 /* ASIProgressDelegate.h */,
				3465123E158D197D00F16C96 /* Reachability.h */,
				3465123F158D197D00F16C96 /* Reachability.m */,
			);
			name = ASIHTTPRequest;
			path = "../../asi-http-request/Classes";
			sourceTree = "<group>";
		};
		3465122E158D171900F16C96 /* JSONKit */ = {
			isa = PBXGroup;
			children = (
				34651230158D171900F16C96 /* JSONKit.h */,
				34651231158D171900F16C96 /* JSONKit.m */,
			);
			name = JSONKit;
			path = ../../JSONKit;
			sourceTree = "<group>";
		};
/* End PBXGroup section */

/* Begin PBXNativeTarget section */
		34651196158D15EA00F16C96 /* mygengoexample */ = {
			isa = PBXNativeTarget;
			buildConfigurationList = 346511AF158D15EA00F16C96 /* Build configuration list for PBXNativeTarget "mygengoexample" */;
			buildPhases = (
				34651193158D15EA00F16C96 /* Sources */,
				34651194158D15EA00F16C96 /* Frameworks */,
				34651195158D15EA00F16C96 /* Resources */,
			);
			buildRules = (
			);
			dependencies = (
			);
			name = mygengoexample;
			productName = mygengoexample;
			productReference = 34651197158D15EA00F16C96 /* mygengoexample.app */;
			productType = "com.apple.product-type.application";
		};
/* End PBXNativeTarget section */

/* Begin PBXProject section */
		3465118E158D15EA00F16C96 /* Project object */ = {
			isa = PBXProject;
			attributes = {
				CLASSPREFIX = TC;
				LastUpgradeCheck = 0430;
			};
			buildConfigurationList = 34651191158D15EA00F16C96 /* Build configuration list for PBXProject "mygengoexample" */;
			compatibilityVersion = "Xcode 3.2";
			developmentRegion = English;
			hasScannedForEncodings = 0;
			knownRegions = (
				en,
			);
			mainGroup = 3465118C158D15EA00F16C96;
			productRefGroup = 34651198158D15EA00F16C96 /* Products */;
			projectDirPath = "";
			projectRoot = "";
			targets = (
				34651196158D15EA00F16C96 /* mygengoexample */,
			);
		};
/* End PBXProject section */

/* Begin PBXResourcesBuildPhase section */
		34651195158D15EA00F16C96 /* Resources */ = {
			isa = PBXResourcesBuildPhase;
			buildActionMask = 2147483647;
			files = (
				346511A6158D15EA00F16C96 /* InfoPlist.strings in Resources */,
			);
			runOnlyForDeploymentPostprocessing = 0;
		};
/* End PBXResourcesBuildPhase section */

/* Begin PBXSourcesBuildPhase section */
		34651193158D15EA00F16C96 /* Sources */ = {
			isa = PBXSourcesBuildPhase;
			buildActionMask = 2147483647;
			files = (
				346511A8158D15EA00F16C96 /* main.m in Sources */,
				346511AC158D15EA00F16C96 /* TCAppDelegate.m in Sources */,
				34651209158D16F400F16C96 /* ASIAuthenticationDialog.m in Sources */,
				3465120A158D16F400F16C96 /* ASIDataCompressor.m in Sources */,
				3465120B158D16F400F16C96 /* ASIDataDecompressor.m in Sources */,
				3465120C158D16F400F16C96 /* ASIDownloadCache.m in Sources */,
				3465120D158D16F400F16C96 /* ASIFormDataRequest.m in Sources */,
				3465120E158D16F400F16C96 /* ASIHTTPRequest.m in Sources */,
				3465120F158D16F400F16C96 /* ASIInputStream.m in Sources */,
				34FAC736158D22A5003144D4 /* Reachability.m in Sources */,
				34651210158D16F400F16C96 /* ASINetworkQueue.m in Sources */,
				34651234158D171900F16C96 /* JSONKit.m in Sources */,
				3465123D158D182200F16C96 /* TCRootViewController.m in Sources */,
				34FAC737158D239A003144D4 /* TCMyGengoAPIHandler.m in Sources */,
			);
			runOnlyForDeploymentPostprocessing = 0;
		};
/* End PBXSourcesBuildPhase section */

/* Begin PBXVariantGroup section */
		346511A4158D15EA00F16C96 /* InfoPlist.strings */ = {
			isa = PBXVariantGroup;
			children = (
				346511A5158D15EA00F16C96 /* en */,
			);
			name = InfoPlist.strings;
			sourceTree = "<group>";
		};
/* End PBXVariantGroup section */

/* Begin XCBuildConfiguration section */
		346511AD158D15EA00F16C96 /* Debug */ = {
			isa = XCBuildConfiguration;
			buildSettings = {
				ALWAYS_SEARCH_USER_PATHS = NO;
				ARCHS = "$(ARCHS_STANDARD_32_BIT)";
				"CODE_SIGN_IDENTITY[sdk=iphoneos*]" = "iPhone Developer";
				COPY_PHASE_STRIP = NO;
				GCC_C_LANGUAGE_STANDARD = gnu99;
				GCC_DYNAMIC_NO_PIC = NO;
				GCC_OPTIMIZATION_LEVEL = 0;
				GCC_PREPROCESSOR_DEFINITIONS = (
					"DEBUG=1",
					"$(inherited)",
				);
				GCC_SYMBOLS_PRIVATE_EXTERN = NO;
				GCC_VERSION = com.apple.compilers.llvm.clang.1_0;
				GCC_WARN_ABOUT_RETURN_TYPE = YES;
				GCC_WARN_UNINITIALIZED_AUTOS = YES;
				GCC_WARN_UNUSED_VARIABLE = YES;
				IPHONEOS_DEPLOYMENT_TARGET = 5.1;
				SDKROOT = iphoneos;
			};
			name = Debug;
		};
		346511AE158D15EA00F16C96 /* Release */ = {
			isa = XCBuildConfiguration;
			buildSettings = {
				ALWAYS_SEARCH_USER_PATHS = NO;
				ARCHS = "$(ARCHS_STANDARD_32_BIT)";
				"CODE_SIGN_IDENTITY[sdk=iphoneos*]" = "iPhone Developer";
				COPY_PHASE_STRIP = YES;
				GCC_C_LANGUAGE_STANDARD = gnu99;
				GCC_VERSION = com.apple.compilers.llvm.clang.1_0;
				GCC_WARN_ABOUT_RETURN_TYPE = YES;
				GCC_WARN_UNINITIALIZED_AUTOS = YES;
				GCC_WARN_UNUSED_VARIABLE = YES;
				IPHONEOS_DEPLOYMENT_TARGET = 5.1;
				OTHER_CFLAGS = "-DNS_BLOCK_ASSERTIONS=1";
				SDKROOT = iphoneos;
				VALIDATE_PRODUCT = YES;
			};
			name = Release;
		};
		346511B0158D15EA00F16C96 /* Debug */ = {
			isa = XCBuildConfiguration;
			buildSettings = {
				GCC_PRECOMPILE_PREFIX_HEADER = YES;
				GCC_PREFIX_HEADER = "mygengoexample/mygengoexample-Prefix.pch";
				INFOPLIST_FILE = "mygengoexample/mygengoexample-Info.plist";
				LIBRARY_SEARCH_PATHS = (
					"$(inherited)",
					"\"$(SDKROOT)/usr/lib/system\"",
				);
				PRODUCT_NAME = "$(TARGET_NAME)";
				WRAPPER_EXTENSION = app;
			};
			name = Debug;
		};
		346511B1158D15EA00F16C96 /* Release */ = {
			isa = XCBuildConfiguration;
			buildSettings = {
				GCC_PRECOMPILE_PREFIX_HEADER = YES;
				GCC_PREFIX_HEADER = "mygengoexample/mygengoexample-Prefix.pch";
				INFOPLIST_FILE = "mygengoexample/mygengoexample-Info.plist";
				LIBRARY_SEARCH_PATHS = (
					"$(inherited)",
					"\"$(SDKROOT)/usr/lib/system\"",
				);
				PRODUCT_NAME = "$(TARGET_NAME)";
				WRAPPER_EXTENSION = app;
			};
			name = Release;
		};
/* End XCBuildConfiguration section */

/* Begin XCConfigurationList section */
		34651191158D15EA00F16C96 /* Build configuration list for PBXProject "mygengoexample" */ = {
			isa = XCConfigurationList;
			buildConfigurations = (
				346511AD158D15EA00F16C96 /* Debug */,
				346511AE158D15EA00F16C96 /* Release */,
			);
			defaultConfigurationIsVisible = 0;
			defaultConfigurationName = Release;
		};
		346511AF158D15EA00F16C96 /* Build configuration list for PBXNativeTarget "mygengoexample" */ = {
			isa = XCConfigurationList;
			buildConfigurations = (
				346511B0158D15EA00F16C96 /* Debug */,
				346511B1158D15EA00F16C96 /* Release */,
			);
			defaultConfigurationIsVisible = 0;
			defaultConfigurationName = Release;
		};
/* End XCConfigurationList section */
	};
	rootObject = 3465118E158D15EA00F16C96 /* Project object */;
}
